
Microsoft Visual Studio Solution File, Format Version 12.00
# Visual Studio Version 17
VisualStudioVersion = 17.5.33424.131
MinimumVisualStudioVersion = 10.0.40219.1
Project("{FAE04EC0-301F-11D3-BF4B-00C04F79EFBC}") = "ProgPOEPart1", "ProgPOEPart1\ProgPOEPart1.csproj", "{2F900900-EBCE-4674-B361-6D366503C74C}"
EndProject
Project("{FAE04EC0-301F-11D3-BF4B-00C04F79EFBC}") = "ProgPOEPart1Tests", "ProgPOEPart1Tests\ProgPOEPart1Tests.csproj", "{B1EEEE2F-E187-4AD2-9F5F-CBDE822373AB}"
EndProject
Global
	GlobalSection(SolutionConfigurationPlatforms) = preSolution
		Debug|Any CPU = Debug|Any CPU
		Release|Any CPU = Release|Any CPU
	EndGlobalSection
	GlobalSection(ProjectConfigurationPlatforms) = postSolution
		{2F900900-EBCE-4674-B361-6D366503C74C}.Debug|Any CPU.ActiveCfg = Debug|Any CPU
		{2F900900-EBCE-4674-B361-6D366503C74C}.Debug|Any CPU.Build.0 = Debug|Any CPU
		{2F900900-EBCE-4674-B361-6D366503C74C}.Release|Any CPU.ActiveCfg = Release|Any CPU
		{2F900900-EBCE-4674-B361-6D366503C74C}.Release|Any CPU.Build.0 = Release|Any CPU
		{B1EEEE2F-E187-4AD2-9F5F-CBDE822373AB}.Debug|Any CPU.ActiveCfg = Debug|Any CPU
		{B1EEEE2F-E187-4AD2-9F5F-CBDE822373AB}.Debug|Any CPU.Build.0 = Debug|Any CPU
		{B1EEEE2F-E187-4AD2-9F5F-CBDE822373AB}.Release|Any CPU.ActiveCfg = Release|Any CPU
		{B1EEEE2F-E187-4AD2-9F5F-CBDE822373AB}.Release|Any CPU.Build.0 = Release|Any CPU
	EndGlobalSection
	GlobalSection(SolutionProperties) = preSolution
		HideSolutionNode = FALSE
	EndGlobalSection
	GlobalSection(ExtensibilityGlobals) = postSolution
		SolutionGuid = {2D090FB9-8679-4830-880A-6F60FC23820A}
	EndGlobalSection
EndGlobal
